
Microsoft Visual Studio Solution File, Format Version 12.00
# Visual Studio 15
VisualStudioVersion = 15.0.26228.9
MinimumVisualStudioVersion = 10.0.40219.1
Project("{FAE04EC0-301F-11D3-BF4B-00C04F79EFBC}") = "WebApi", "WebApi\WebApi.csproj", "{FD0DAD5C-20B8-4EF6-AF39-192C6133A247}"
EndProject
Project("{FAE04EC0-301F-11D3-BF4B-00C04F79EFBC}") = "WebApi.Tests.UnitTests", "WebApi.Tests.UnitTests\WebApi.Tests.UnitTests.csproj", "{C5F979F1-D629-4482-B606-AE3E705BD170}"
EndProject
Project("{FAE04EC0-301F-11D3-BF4B-00C04F79EFBC}") = "WebApi.Tests.IntegrationTests", "WebApi.Tests.IntegrationTests\WebApi.Tests.IntegrationTests.csproj", "{13F18DCE-5D73-472B-AE1D-AA02482FBA13}"
EndProject
Project("{FAE04EC0-301F-11D3-BF4B-00C04F79EFBC}") = "WebApi.Tests.Utilities", "WebApi.Tests.Utilities\WebApi.Tests.Utilities.csproj", "{94AB8463-C005-4BD0-B6CC-9CBEC1F6F49B}"
EndProject
Project("{FAE04EC0-301F-11D3-BF4B-00C04F79EFBC}") = "WebApi.RiotApiClient", "WebApi.RiotApiClient\WebApi.RiotApiClient.csproj", "{6F66C12C-FCC4-48A8-91B9-4089D141E84C}"
EndProject
Global
	GlobalSection(SolutionConfigurationPlatforms) = preSolution
		Debug|Any CPU = Debug|Any CPU
		Release|Any CPU = Release|Any CPU
	EndGlobalSection
	GlobalSection(ProjectConfigurationPlatforms) = postSolution
		{FD0DAD5C-20B8-4EF6-AF39-192C6133A247}.Debug|Any CPU.ActiveCfg = Debug|Any CPU
		{FD0DAD5C-20B8-4EF6-AF39-192C6133A247}.Debug|Any CPU.Build.0 = Debug|Any CPU
		{FD0DAD5C-20B8-4EF6-AF39-192C6133A247}.Release|Any CPU.ActiveCfg = Release|Any CPU
		{FD0DAD5C-20B8-4EF6-AF39-192C6133A247}.Release|Any CPU.Build.0 = Release|Any CPU
		{C5F979F1-D629-4482-B606-AE3E705BD170}.Debug|Any CPU.ActiveCfg = Debug|Any CPU
		{C5F979F1-D629-4482-B606-AE3E705BD170}.Debug|Any CPU.Build.0 = Debug|Any CPU
		{C5F979F1-D629-4482-B606-AE3E705BD170}.Release|Any CPU.ActiveCfg = Release|Any CPU
		{C5F979F1-D629-4482-B606-AE3E705BD170}.Release|Any CPU.Build.0 = Release|Any CPU
		{13F18DCE-5D73-472B-AE1D-AA02482FBA13}.Debug|Any CPU.ActiveCfg = Debug|Any CPU
		{13F18DCE-5D73-472B-AE1D-AA02482FBA13}.Debug|Any CPU.Build.0 = Debug|Any CPU
		{13F18DCE-5D73-472B-AE1D-AA02482FBA13}.Release|Any CPU.ActiveCfg = Release|Any CPU
		{13F18DCE-5D73-472B-AE1D-AA02482FBA13}.Release|Any CPU.Build.0 = Release|Any CPU
		{94AB8463-C005-4BD0-B6CC-9CBEC1F6F49B}.Debug|Any CPU.ActiveCfg = Debug|Any CPU
		{94AB8463-C005-4BD0-B6CC-9CBEC1F6F49B}.Debug|Any CPU.Build.0 = Debug|Any CPU
		{94AB8463-C005-4BD0-B6CC-9CBEC1F6F49B}.Release|Any CPU.ActiveCfg = Release|Any CPU
		{94AB8463-C005-4BD0-B6CC-9CBEC1F6F49B}.Release|Any CPU.Build.0 = Release|Any CPU
		{6F66C12C-FCC4-48A8-91B9-4089D141E84C}.Debug|Any CPU.ActiveCfg = Debug|Any CPU
		{6F66C12C-FCC4-48A8-91B9-4089D141E84C}.Debug|Any CPU.Build.0 = Debug|Any CPU
		{6F66C12C-FCC4-48A8-91B9-4089D141E84C}.Release|Any CPU.ActiveCfg = Release|Any CPU
		{6F66C12C-FCC4-48A8-91B9-4089D141E84C}.Release|Any CPU.Build.0 = Release|Any CPU
	EndGlobalSection
	GlobalSection(SolutionProperties) = preSolution
		HideSolutionNode = FALSE
	EndGlobalSection
EndGlobal
